
Microsoft Visual Studio Solution File, Format Version 12.00
# Visual Studio Version 16
VisualStudioVersion = 16.0.29613.14
MinimumVisualStudioVersion = 10.0.40219.1
Project("{FAE04EC0-301F-11D3-BF4B-00C04F79EFBC}") = "TestingGraphQLClients", "TestingGraphQLClients\TestingGraphQLClients.csproj", "{89E0E902-CE5E-44D5-9B6F-87238BE4F37B}"
EndProject
Global
	GlobalSection(SolutionConfigurationPlatforms) = preSolution
		Debug|Any CPU = Debug|Any CPU
		Release|Any CPU = Release|Any CPU
	EndGlobalSection
	GlobalSection(ProjectConfigurationPlatforms) = postSolution
		{89E0E902-CE5E-44D5-9B6F-87238BE4F37B}.Debug|Any CPU.ActiveCfg = Debug|Any CPU
		{89E0E902-CE5E-44D5-9B6F-87238BE4F37B}.Debug|Any CPU.Build.0 = Debug|Any CPU
		{89E0E902-CE5E-44D5-9B6F-87238BE4F37B}.Release|Any CPU.ActiveCfg = Release|Any CPU
		{89E0E902-CE5E-44D5-9B6F-87238BE4F37B}.Release|Any CPU.Build.0 = Release|Any CPU
	EndGlobalSection
	GlobalSection(SolutionProperties) = preSolution
		HideSolutionNode = FALSE
	EndGlobalSection
	GlobalSection(ExtensibilityGlobals) = postSolution
		SolutionGuid = {CC29BEA1-1603-442F-81C0-A39E3CFBC3DC}
	EndGlobalSection
EndGlobal
